
Microsoft Visual Studio Solution File, Format Version 12.00
# Visual Studio 2012
Project("{8BC9CEB8-8B4A-11D0-8D11-00A0C91BC942}") = "comanda simpla TEE", "comanda simpla TEE\comanda simpla TEE.vcxproj", "{FE74299A-8FF0-44FA-BF39-4938FE8C921A}"
EndProject
Global
	GlobalSection(SolutionConfigurationPlatforms) = preSolution
		Debug|Win32 = Debug|Win32
		Release|Win32 = Release|Win32
	EndGlobalSection
	GlobalSection(ProjectConfigurationPlatforms) = postSolution
		{FE74299A-8FF0-44FA-BF39-4938FE8C921A}.Debug|Win32.ActiveCfg = Debug|Win32
		{FE74299A-8FF0-44FA-BF39-4938FE8C921A}.Debug|Win32.Build.0 = Debug|Win32
		{FE74299A-8FF0-44FA-BF39-4938FE8C921A}.Release|Win32.ActiveCfg = Release|Win32
		{FE74299A-8FF0-44FA-BF39-4938FE8C921A}.Release|Win32.Build.0 = Release|Win32
	EndGlobalSection
	GlobalSection(SolutionProperties) = preSolution
		HideSolutionNode = FALSE
	EndGlobalSection
EndGlobal
